// !$*UTF8*$!
{
	archiveVersion = 1;
	classes = {
	};
	objectVersion = 55;
	objects = {

/* Begin PBXBuildFile section */
		FCABEC1D27A4443C00F85FAC /* AppDelegate.swift in Sources */ = {isa = PBXBuildFile; fileRef = FCABEC1C27A4443C00F85FAC /* AppDelegate.swift */; };
		FCABEC1E27A4460F00F85FAC /* Assets.xcassets in Resources */ = {isa = PBXBuildFile; fileRef = FCFB81FB27A43F9000C4EDE3 /* Assets.xcassets */; };
		FCFB821D27A440DA00C4EDE3 /* XMLCoder in Frameworks */ = {isa = PBXBuildFile; productRef = FCFB821C27A440DA00C4EDE3 /* XMLCoder */; };
		FCFB822327A441CB00C4EDE3 /* OPDS-Client.swift in Sources */ = {isa = PBXBuildFile; fileRef = FCFB822227A441CB00C4EDE3 /* OPDS-Client.swift */; };
		FCFB822727A441D900C4EDE3 /* ContentView.swift in Sources */ = {isa = PBXBuildFile; fileRef = FCFB822427A441D800C4EDE3 /* ContentView.swift */; };
		FCFB822827A441D900C4EDE3 /* AsyncButton.swift in Sources */ = {isa = PBXBuildFile; fileRef = FCFB822527A441D800C4EDE3 /* AsyncButton.swift */; };
		FCFB822927A441D900C4EDE3 /* ServerView.swift in Sources */ = {isa = PBXBuildFile; fileRef = FCFB822627A441D800C4EDE3 /* ServerView.swift */; };
		FCFB822B27A441E700C4EDE3 /* OPDS.swift in Sources */ = {isa = PBXBuildFile; fileRef = FCFB822A27A441E700C4EDE3 /* OPDS.swift */; };
/* End PBXBuildFile section */

/* Begin PBXFileReference section */
		FCABEC1C27A4443C00F85FAC /* AppDelegate.swift */ = {isa = PBXFileReference; lastKnownFileType = sourcecode.swift; path = AppDelegate.swift; sourceTree = "<group>"; };
		FCFB81FB27A43F9000C4EDE3 /* Assets.xcassets */ = {isa = PBXFileReference; lastKnownFileType = folder.assetcatalog; path = Assets.xcassets; sourceTree = "<group>"; };
		FCFB820027A43FCB00C4EDE3 /* OPDS Client.app */ = {isa = PBXFileReference; explicitFileType = wrapper.application; includeInIndex = 0; path = "OPDS Client.app"; sourceTree = BUILT_PRODUCTS_DIR; };
		FCFB822227A441CB00C4EDE3 /* OPDS-Client.swift */ = {isa = PBXFileReference; fileEncoding = 4; lastKnownFileType = sourcecode.swift; path = "OPDS-Client.swift"; sourceTree = "<group>"; };
		FCFB822427A441D800C4EDE3 /* ContentView.swift */ = {isa = PBXFileReference; fileEncoding = 4; lastKnownFileType = sourcecode.swift; path = ContentView.swift; sourceTree = "<group>"; };
		FCFB822527A441D800C4EDE3 /* AsyncButton.swift */ = {isa = PBXFileReference; fileEncoding = 4; lastKnownFileType = sourcecode.swift; path = AsyncButton.swift; sourceTree = "<group>"; };
		FCFB822627A441D800C4EDE3 /* ServerView.swift */ = {isa = PBXFileReference; fileEncoding = 4; lastKnownFileType = sourcecode.swift; path = ServerView.swift; sourceTree = "<group>"; };
		FCFB822A27A441E700C4EDE3 /* OPDS.swift */ = {isa = PBXFileReference; fileEncoding = 4; lastKnownFileType = sourcecode.swift; path = OPDS.swift; sourceTree = "<group>"; };
		FCFB822C27A4428900C4EDE3 /* OPDS-Client-Info.plist */ = {isa = PBXFileReference; lastKnownFileType = text.plist.xml; path = "OPDS-Client-Info.plist"; sourceTree = "<group>"; };
/* End PBXFileReference section */

/* Begin PBXFrameworksBuildPhase section */
		FCFB81FD27A43FCB00C4EDE3 /* Frameworks */ = {
			isa = PBXFrameworksBuildPhase;
			buildActionMask = 2147483647;
			files = (
				FCFB821D27A440DA00C4EDE3 /* XMLCoder in Frameworks */,
			);
			runOnlyForDeploymentPostprocessing = 0;
		};
/* End PBXFrameworksBuildPhase section */

/* Begin PBXGroup section */
		FCFB81F427A43F4500C4EDE3 = {
			isa = PBXGroup;
			children = (
				FCFB820F27A4400200C4EDE3 /* Shared */,
				FCFB820227A43FCB00C4EDE3 /* iOS */,
				FCFB820127A43FCB00C4EDE3 /* Products */,
			);
			sourceTree = "<group>";
		};
		FCFB820127A43FCB00C4EDE3 /* Products */ = {
			isa = PBXGroup;
			children = (
				FCFB820027A43FCB00C4EDE3 /* OPDS Client.app */,
			);
			name = Products;
			sourceTree = "<group>";
		};
		FCFB820227A43FCB00C4EDE3 /* iOS */ = {
			isa = PBXGroup;
			children = (
				FCFB822C27A4428900C4EDE3 /* OPDS-Client-Info.plist */,
				FCABEC1C27A4443C00F85FAC /* AppDelegate.swift */,
			);
			path = iOS;
			sourceTree = "<group>";
		};
		FCFB820F27A4400200C4EDE3 /* Shared */ = {
			isa = PBXGroup;
			children = (
				FCFB81FB27A43F9000C4EDE3 /* Assets.xcassets */,
				FCFB821527A4406A00C4EDE3 /* Models */,
				FCFB821227A4404200C4EDE3 /* Views */,
				FCFB822227A441CB00C4EDE3 /* OPDS-Client.swift */,
			);
			path = Shared;
			sourceTree = "<group>";
		};
		FCFB821227A4404200C4EDE3 /* Views */ = {
			isa = PBXGroup;
			children = (
				FCFB822527A441D800C4EDE3 /* AsyncButton.swift */,
				FCFB822427A441D800C4EDE3 /* ContentView.swift */,
				FCFB822627A441D800C4EDE3 /* ServerView.swift */,
			);
			path = Views;
			sourceTree = "<group>";
		};
		FCFB821527A4406A00C4EDE3 /* Models */ = {
			isa = PBXGroup;
			children = (
				FCFB822A27A441E700C4EDE3 /* OPDS.swift */,
			);
			path = Models;
			sourceTree = "<group>";
		};
/* End PBXGroup section */

/* Begin PBXNativeTarget section */
		FCFB81FF27A43FCB00C4EDE3 /* OPDS-Client */ = {
			isa = PBXNativeTarget;
			buildConfigurationList = FCFB820C27A43FCD00C4EDE3 /* Build configuration list for PBXNativeTarget "OPDS-Client" */;
			buildPhases = (
				FCFB81FC27A43FCB00C4EDE3 /* Sources */,
				FCFB81FD27A43FCB00C4EDE3 /* Frameworks */,
				FCFB81FE27A43FCB00C4EDE3 /* Resources */,
			);
			buildRules = (
			);
			dependencies = (
			);
			name = "OPDS-Client";
			packageProductDependencies = (
				FCFB821C27A440DA00C4EDE3 /* XMLCoder */,
			);
			productName = "OPDS-Client";
			productReference = FCFB820027A43FCB00C4EDE3 /* OPDS Client.app */;
			productType = "com.apple.product-type.application";
		};
/* End PBXNativeTarget section */

/* Begin PBXProject section */
		FCFB81F527A43F4500C4EDE3 /* Project object */ = {
			isa = PBXProject;
			attributes = {
				BuildIndependentTargetsInParallel = 1;
				LastSwiftUpdateCheck = 1320;
				LastUpgradeCheck = 1320;
				TargetAttributes = {
					FCFB81FF27A43FCB00C4EDE3 = {
						CreatedOnToolsVersion = 13.2.1;
						LastSwiftMigration = 1320;
					};
				};
			};
			buildConfigurationList = FCFB81F827A43F4500C4EDE3 /* Build configuration list for PBXProject "OPDS-Client" */;
			compatibilityVersion = "Xcode 13.0";
			developmentRegion = en;
			hasScannedForEncodings = 0;
			knownRegions = (
				en,
				Base,
			);
			mainGroup = FCFB81F427A43F4500C4EDE3;
			packageReferences = (
				FCFB821B27A440DA00C4EDE3 /* XCRemoteSwiftPackageReference "XMLCoder" */,
			);
			productRefGroup = FCFB820127A43FCB00C4EDE3 /* Products */;
			projectDirPath = "";
			projectRoot = "";
			targets = (
				FCFB81FF27A43FCB00C4EDE3 /* OPDS-Client */,
			);
		};
/* End PBXProject section */

/* Begin PBXResourcesBuildPhase section */
		FCFB81FE27A43FCB00C4EDE3 /* Resources */ = {
			isa = PBXResourcesBuildPhase;
			buildActionMask = 2147483647;
			files = (
				FCABEC1E27A4460F00F85FAC /* Assets.xcassets in Resources */,
			);
			runOnlyForDeploymentPostprocessing = 0;
		};
/* End PBXResourcesBuildPhase section */

/* Begin PBXSourcesBuildPhase section */
		FCFB81FC27A43FCB00C4EDE3 /* Sources */ = {
			isa = PBXSourcesBuildPhase;
			buildActionMask = 2147483647;
			files = (
				FCABEC1D27A4443C00F85FAC /* AppDelegate.swift in Sources */,
				FCFB822B27A441E700C4EDE3 /* OPDS.swift in Sources */,
				FCFB822327A441CB00C4EDE3 /* OPDS-Client.swift in Sources */,
				FCFB822827A441D900C4EDE3 /* AsyncButton.swift in Sources */,
				FCFB822727A441D900C4EDE3 /* ContentView.swift in Sources */,
				FCFB822927A441D900C4EDE3 /* ServerView.swift in Sources */,
			);
			runOnlyForDeploymentPostprocessing = 0;
		};
/* End PBXSourcesBuildPhase section */

/* Begin XCBuildConfiguration section */
		FCFB81F927A43F4500C4EDE3 /* Debug */ = {
			isa = XCBuildConfiguration;
			buildSettings = {
			};
			name = Debug;
		};
		FCFB81FA27A43F4500C4EDE3 /* Release */ = {
			isa = XCBuildConfiguration;
			buildSettings = {
			};
			name = Release;
		};
		FCFB820D27A43FCD00C4EDE3 /* Debug */ = {
			isa = XCBuildConfiguration;
			buildSettings = {
				ALWAYS_SEARCH_USER_PATHS = NO;
				ASSETCATALOG_COMPILER_APPICON_NAME = AppIcon;
				ASSETCATALOG_COMPILER_GLOBAL_ACCENT_COLOR_NAME = AccentColor;
				ASSETCATALOG_COMPILER_INCLUDE_ALL_APPICON_ASSETS = YES;
				CLANG_ANALYZER_NONNULL = YES;
				CLANG_ANALYZER_NUMBER_OBJECT_CONVERSION = YES_AGGRESSIVE;
				CLANG_CXX_LANGUAGE_STANDARD = "gnu++17";
				CLANG_CXX_LIBRARY = "libc++";
				CLANG_ENABLE_MODULES = YES;
				CLANG_ENABLE_OBJC_ARC = YES;
				CLANG_ENABLE_OBJC_WEAK = YES;
				CLANG_WARN_BLOCK_CAPTURE_AUTORELEASING = YES;
				CLANG_WARN_BOOL_CONVERSION = YES;
				CLANG_WARN_COMMA = YES;
				CLANG_WARN_CONSTANT_CONVERSION = YES;
				CLANG_WARN_DEPRECATED_OBJC_IMPLEMENTATIONS = YES;
				CLANG_WARN_DIRECT_OBJC_ISA_USAGE = YES_ERROR;
				CLANG_WARN_DOCUMENTATION_COMMENTS = YES;
				CLANG_WARN_EMPTY_BODY = YES;
				CLANG_WARN_ENUM_CONVERSION = YES;
				CLANG_WARN_INFINITE_RECURSION = YES;
				CLANG_WARN_INT_CONVERSION = YES;
				CLANG_WARN_NON_LITERAL_NULL_CONVERSION = YES;
				CLANG_WARN_OBJC_IMPLICIT_RETAIN_SELF = YES;
				CLANG_WARN_OBJC_LITERAL_CONVERSION = YES;
				CLANG_WARN_OBJC_ROOT_CLASS = YES_ERROR;
				CLANG_WARN_QUOTED_INCLUDE_IN_FRAMEWORK_HEADER = YES;
				CLANG_WARN_RANGE_LOOP_ANALYSIS = YES;
				CLANG_WARN_STRICT_PROTOTYPES = YES;
				CLANG_WARN_SUSPICIOUS_MOVE = YES;
				CLANG_WARN_UNGUARDED_AVAILABILITY = YES_AGGRESSIVE;
				CLANG_WARN_UNREACHABLE_CODE = YES;
				CLANG_WARN__DUPLICATE_METHOD_MATCH = YES;
				CODE_SIGN_STYLE = Automatic;
				COPY_PHASE_STRIP = NO;
				CURRENT_PROJECT_VERSION = 1;
				DEBUG_INFORMATION_FORMAT = dwarf;
				DEVELOPMENT_ASSET_PATHS = "";
				DEVELOPMENT_TEAM = 2D7T23VV7R;
				ENABLE_PREVIEWS = YES;
				ENABLE_STRICT_OBJC_MSGSEND = YES;
				ENABLE_TESTABILITY = YES;
				GCC_C_LANGUAGE_STANDARD = gnu11;
				GCC_DYNAMIC_NO_PIC = NO;
				GCC_NO_COMMON_BLOCKS = YES;
				GCC_OPTIMIZATION_LEVEL = 0;
				GCC_PREPROCESSOR_DEFINITIONS = (
					"DEBUG=1",
					"$(inherited)",
				);
				GCC_WARN_64_TO_32_BIT_CONVERSION = YES;
				GCC_WARN_ABOUT_RETURN_TYPE = YES_ERROR;
				GCC_WARN_UNDECLARED_SELECTOR = YES;
				GCC_WARN_UNINITIALIZED_AUTOS = YES_AGGRESSIVE;
				GCC_WARN_UNUSED_FUNCTION = YES;
				GCC_WARN_UNUSED_VARIABLE = YES;
				GENERATE_INFOPLIST_FILE = YES;
				INFOPLIST_FILE = "iOS/OPDS-Client-Info.plist";
				INFOPLIST_KEY_UIApplicationSceneManifest_Generation = YES;
				INFOPLIST_KEY_UIApplicationSupportsIndirectInputEvents = YES;
				INFOPLIST_KEY_UILaunchScreen_Generation = YES;
				INFOPLIST_KEY_UISupportedInterfaceOrientations_iPad = "UIInterfaceOrientationPortrait UIInterfaceOrientationPortraitUpsideDown UIInterfaceOrientationLandscapeLeft UIInterfaceOrientationLandscapeRight";
				INFOPLIST_KEY_UISupportedInterfaceOrientations_iPhone = "UIInterfaceOrientationPortrait UIInterfaceOrientationLandscapeLeft UIInterfaceOrientationLandscapeRight";
				IPHONEOS_DEPLOYMENT_TARGET = 15.2;
				LD_RUNPATH_SEARCH_PATHS = (
					"$(inherited)",
					"@executable_path/Frameworks",
				);
				MARKETING_VERSION = 1.0;
				MTL_ENABLE_DEBUG_INFO = INCLUDE_SOURCE;
				MTL_FAST_MATH = YES;
				ONLY_ACTIVE_ARCH = YES;
				PRODUCT_BUNDLE_IDENTIFIER = app.inuk.opds;
				PRODUCT_NAME = "OPDS Client";
				SDKROOT = iphoneos;
				SWIFT_ACTIVE_COMPILATION_CONDITIONS = DEBUG;
				SWIFT_EMIT_LOC_STRINGS = YES;
				SWIFT_OPTIMIZATION_LEVEL = "-Onone";
				SWIFT_VERSION = 5.0;
				TARGETED_DEVICE_FAMILY = "1,2";
			};
			name = Debug;
		};
		FCFB820E27A43FCD00C4EDE3 /* Release */ = {
			isa = XCBuildConfiguration;
			buildSettings = {
				ALWAYS_SEARCH_USER_PATHS = NO;
				ASSETCATALOG_COMPILER_APPICON_NAME = AppIcon;
				ASSETCATALOG_COMPILER_GLOBAL_ACCENT_COLOR_NAME = AccentColor;
				ASSETCATALOG_COMPILER_INCLUDE_ALL_APPICON_ASSETS = YES;
				CLANG_ANALYZER_NONNULL = YES;
				CLANG_ANALYZER_NUMBER_OBJECT_CONVERSION = YES_AGGRESSIVE;
				CLANG_CXX_LANGUAGE_STANDARD = "gnu++17";
				CLANG_CXX_LIBRARY = "libc++";
				CLANG_ENABLE_MODULES = YES;
				CLANG_ENABLE_OBJC_ARC = YES;
				CLANG_ENABLE_OBJC_WEAK = YES;
				CLANG_WARN_BLOCK_CAPTURE_AUTORELEASING = YES;
				CLANG_WARN_BOOL_CONVERSION = YES;
				CLANG_WARN_COMMA = YES;
				CLANG_WARN_CONSTANT_CONVERSION = YES;
				CLANG_WARN_DEPRECATED_OBJC_IMPLEMENTATIONS = YES;
				CLANG_WARN_DIRECT_OBJC_ISA_USAGE = YES_ERROR;
				CLANG_WARN_DOCUMENTATION_COMMENTS = YES;
				CLANG_WARN_EMPTY_BODY = YES;
				CLANG_WARN_ENUM_CONVERSION = YES;
				CLANG_WARN_INFINITE_RECURSION = YES;
				CLANG_WARN_INT_CONVERSION = YES;
				CLANG_WARN_NON_LITERAL_NULL_CONVERSION = YES;
				CLANG_WARN_OBJC_IMPLICIT_RETAIN_SELF = YES;
				CLANG_WARN_OBJC_LITERAL_CONVERSION = YES;
				CLANG_WARN_OBJC_ROOT_CLASS = YES_ERROR;
				CLANG_WARN_QUOTED_INCLUDE_IN_FRAMEWORK_HEADER = YES;
				CLANG_WARN_RANGE_LOOP_ANALYSIS = YES;
				CLANG_WARN_STRICT_PROTOTYPES = YES;
				CLANG_WARN_SUSPICIOUS_MOVE = YES;
				CLANG_WARN_UNGUARDED_AVAILABILITY = YES_AGGRESSIVE;
				CLANG_WARN_UNREACHABLE_CODE = YES;
				CLANG_WARN__DUPLICATE_METHOD_MATCH = YES;
				CODE_SIGN_STYLE = Automatic;
				COPY_PHASE_STRIP = NO;
				CURRENT_PROJECT_VERSION = 1;
				DEBUG_INFORMATION_FORMAT = "dwarf-with-dsym";
				DEVELOPMENT_ASSET_PATHS = "";
				DEVELOPMENT_TEAM = 2D7T23VV7R;
				ENABLE_NS_ASSERTIONS = NO;
				ENABLE_PREVIEWS = YES;
				ENABLE_STRICT_OBJC_MSGSEND = YES;
				GCC_C_LANGUAGE_STANDARD = gnu11;
				GCC_NO_COMMON_BLOCKS = YES;
				GCC_WARN_64_TO_32_BIT_CONVERSION = YES;
				GCC_WARN_ABOUT_RETURN_TYPE = YES_ERROR;
				GCC_WARN_UNDECLARED_SELECTOR = YES;
				GCC_WARN_UNINITIALIZED_AUTOS = YES_AGGRESSIVE;
				GCC_WARN_UNUSED_FUNCTION = YES;
				GCC_WARN_UNUSED_VARIABLE = YES;
				GENERATE_INFOPLIST_FILE = YES;
				INFOPLIST_FILE = "iOS/OPDS-Client-Info.plist";
				INFOPLIST_KEY_UIApplicationSceneManifest_Generation = YES;
				INFOPLIST_KEY_UIApplicationSupportsIndirectInputEvents = YES;
				INFOPLIST_KEY_UILaunchScreen_Generation = YES;
				INFOPLIST_KEY_UISupportedInterfaceOrientations_iPad = "UIInterfaceOrientationPortrait UIInterfaceOrientationPortraitUpsideDown UIInterfaceOrientationLandscapeLeft UIInterfaceOrientationLandscapeRight";
				INFOPLIST_KEY_UISupportedInterfaceOrientations_iPhone = "UIInterfaceOrientationPortrait UIInterfaceOrientationLandscapeLeft UIInterfaceOrientationLandscapeRight";
				IPHONEOS_DEPLOYMENT_TARGET = 15.2;
				LD_RUNPATH_SEARCH_PATHS = (
					"$(inherited)",
					"@executable_path/Frameworks",
				);
				MARKETING_VERSION = 1.0;
				MTL_ENABLE_DEBUG_INFO = NO;
				MTL_FAST_MATH = YES;
				PRODUCT_BUNDLE_IDENTIFIER = app.inuk.opds;
				PRODUCT_NAME = "OPDS Client";
				SDKROOT = iphoneos;
				SWIFT_COMPILATION_MODE = wholemodule;
				SWIFT_EMIT_LOC_STRINGS = YES;
				SWIFT_OPTIMIZATION_LEVEL = "-O";
				SWIFT_VERSION = 5.0;
				TARGETED_DEVICE_FAMILY = "1,2";
				VALIDATE_PRODUCT = YES;
			};
			name = Release;
		};
/* End XCBuildConfiguration section */

/* Begin XCConfigurationList section */
		FCFB81F827A43F4500C4EDE3 /* Build configuration list for PBXProject "OPDS-Client" */ = {
			isa = XCConfigurationList;
			buildConfigurations = (
				FCFB81F927A43F4500C4EDE3 /* Debug */,
				FCFB81FA27A43F4500C4EDE3 /* Release */,
			);
			defaultConfigurationIsVisible = 0;
			defaultConfigurationName = Release;
		};
		FCFB820C27A43FCD00C4EDE3 /* Build configuration list for PBXNativeTarget "OPDS-Client" */ = {
			isa = XCConfigurationList;
			buildConfigurations = (
				FCFB820D27A43FCD00C4EDE3 /* Debug */,
				FCFB820E27A43FCD00C4EDE3 /* Release */,
			);
			defaultConfigurationIsVisible = 0;
			defaultConfigurationName = Release;
		};
/* End XCConfigurationList section */

/* Begin XCRemoteSwiftPackageReference section */
		FCFB821B27A440DA00C4EDE3 /* XCRemoteSwiftPackageReference "XMLCoder" */ = {
			isa = XCRemoteSwiftPackageReference;
			repositoryURL = "https://github.com/MaxDesiatov/XMLCoder.git";
			requirement = {
				kind = upToNextMajorVersion;
				minimumVersion = 0.9.0;
			};
		};
/* End XCRemoteSwiftPackageReference section */

/* Begin XCSwiftPackageProductDependency section */
		FCFB821C27A440DA00C4EDE3 /* XMLCoder */ = {
			isa = XCSwiftPackageProductDependency;
			package = FCFB821B27A440DA00C4EDE3 /* XCRemoteSwiftPackageReference "XMLCoder" */;
			productName = XMLCoder;
		};
/* End XCSwiftPackageProductDependency section */
	};
	rootObject = FCFB81F527A43F4500C4EDE3 /* Project object */;
}
